
Microsoft Visual Studio Solution File, Format Version 12.00
# Visual Studio 15
VisualStudioVersion = 15.0.28010.2036
MinimumVisualStudioVersion = 10.0.40219.1
Project("{E53339B2-1760-4266-BCC7-CA923CBCF16C}") = "docker-compose", "docker-compose.dcproj", "{EC802F40-E472-433E-A79F-AF1FC197CFB4}"
EndProject
Project("{2150E333-8FDC-42A3-9474-1A3956D46DE8}") = "Building Blocks", "Building Blocks", "{3F36DF75-74F2-443C-B0FC-294E250C0073}"
EndProject
Project("{9A19103F-16F7-4668-BE54-9A1E7A4F7556}") = "EventBusServiceBus", "BuildingBlocks\EventBusServiceBus\EventBusServiceBus.csproj", "{D9E923CA-B949-40C5-A80B-E46DA4337FE2}"
EndProject
Project("{9A19103F-16F7-4668-BE54-9A1E7A4F7556}") = "EventBusRabbitMQ", "BuildingBlocks\EventBusRabbitMQ\EventBusRabbitMQ.csproj", "{0ABC6130-1598-44B0-A568-5FB3D58C7E39}"
EndProject
Project("{9A19103F-16F7-4668-BE54-9A1E7A4F7556}") = "EventBus", "BuildingBlocks\EventBus\EventBus.csproj", "{4CE241F6-580E-4521-B575-BDC61FB3842E}"
EndProject
Project("{9A19103F-16F7-4668-BE54-9A1E7A4F7556}") = "HexMaster.Helpers", "HexMaster.Helpers\HexMaster.Helpers.csproj", "{595A0B05-90BC-4B80-BDE3-7AA89DA2D951}"
EndProject
Project("{9A19103F-16F7-4668-BE54-9A1E7A4F7556}") = "HexMaster.PlanningPoker.Refinements", "HexMaster.PlanningPoker.Refinements\HexMaster.PlanningPoker.Refinements.csproj", "{F03A85B7-BEEE-4E50-80AC-CC25ADA98154}"
EndProject
Project("{9A19103F-16F7-4668-BE54-9A1E7A4F7556}") = "HexMaster.PlanningPoker.Live", "HexMaster.PlanningPoker.Live\HexMaster.PlanningPoker.Live.csproj", "{EFACB148-42D6-4F6D-83FD-E11FE6246328}"
EndProject
Project("{9A19103F-16F7-4668-BE54-9A1E7A4F7556}") = "HexMaster.PlanningPoker.Api", "HexMaster.PlanningPoker.Api\HexMaster.PlanningPoker.Api.csproj", "{AF2B5BC7-12CE-42F3-B349-7C61D59D0C3D}"
EndProject
Project("{9A19103F-16F7-4668-BE54-9A1E7A4F7556}") = "HexMaster.PlanningPoker.Spa", "HexMaster.PlanningPoker.Spa\HexMaster.PlanningPoker.Spa.csproj", "{D15549A6-7A8A-4895-A499-354555423DD1}"
EndProject
Project("{9A19103F-16F7-4668-BE54-9A1E7A4F7556}") = "HexMaster.PlanningPoker.Poker", "HexMaster.PlanningPoker.Poker\HexMaster.PlanningPoker.Poker.csproj", "{B5A7D85E-7FEC-4C1C-84C8-8AA9206142B9}"
EndProject
Project("{FAE04EC0-301F-11D3-BF4B-00C04F79EFBC}") = "HexMaster.PlanningPoker.Chat", "HexMaster.PlanningPoker.Chat\HexMaster.PlanningPoker.Chat.csproj", "{F2380243-F777-438E-9277-F7CE0B8F6B1A}"
EndProject
Global
	GlobalSection(SolutionConfigurationPlatforms) = preSolution
		Debug|Any CPU = Debug|Any CPU
		Release|Any CPU = Release|Any CPU
	EndGlobalSection
	GlobalSection(ProjectConfigurationPlatforms) = postSolution
		{EC802F40-E472-433E-A79F-AF1FC197CFB4}.Debug|Any CPU.ActiveCfg = Debug|Any CPU
		{EC802F40-E472-433E-A79F-AF1FC197CFB4}.Debug|Any CPU.Build.0 = Debug|Any CPU
		{EC802F40-E472-433E-A79F-AF1FC197CFB4}.Release|Any CPU.ActiveCfg = Release|Any CPU
		{EC802F40-E472-433E-A79F-AF1FC197CFB4}.Release|Any CPU.Build.0 = Release|Any CPU
		{D9E923CA-B949-40C5-A80B-E46DA4337FE2}.Debug|Any CPU.ActiveCfg = Debug|Any CPU
		{D9E923CA-B949-40C5-A80B-E46DA4337FE2}.Debug|Any CPU.Build.0 = Debug|Any CPU
		{D9E923CA-B949-40C5-A80B-E46DA4337FE2}.Release|Any CPU.ActiveCfg = Release|Any CPU
		{D9E923CA-B949-40C5-A80B-E46DA4337FE2}.Release|Any CPU.Build.0 = Release|Any CPU
		{0ABC6130-1598-44B0-A568-5FB3D58C7E39}.Debug|Any CPU.ActiveCfg = Debug|Any CPU
		{0ABC6130-1598-44B0-A568-5FB3D58C7E39}.Debug|Any CPU.Build.0 = Debug|Any CPU
		{0ABC6130-1598-44B0-A568-5FB3D58C7E39}.Release|Any CPU.ActiveCfg = Release|Any CPU
		{0ABC6130-1598-44B0-A568-5FB3D58C7E39}.Release|Any CPU.Build.0 = Release|Any CPU
		{4CE241F6-580E-4521-B575-BDC61FB3842E}.Debug|Any CPU.ActiveCfg = Debug|Any CPU
		{4CE241F6-580E-4521-B575-BDC61FB3842E}.Debug|Any CPU.Build.0 = Debug|Any CPU
		{4CE241F6-580E-4521-B575-BDC61FB3842E}.Release|Any CPU.ActiveCfg = Release|Any CPU
		{4CE241F6-580E-4521-B575-BDC61FB3842E}.Release|Any CPU.Build.0 = Release|Any CPU
		{595A0B05-90BC-4B80-BDE3-7AA89DA2D951}.Debug|Any CPU.ActiveCfg = Debug|Any CPU
		{595A0B05-90BC-4B80-BDE3-7AA89DA2D951}.Debug|Any CPU.Build.0 = Debug|Any CPU
		{595A0B05-90BC-4B80-BDE3-7AA89DA2D951}.Release|Any CPU.ActiveCfg = Release|Any CPU
		{595A0B05-90BC-4B80-BDE3-7AA89DA2D951}.Release|Any CPU.Build.0 = Release|Any CPU
		{F03A85B7-BEEE-4E50-80AC-CC25ADA98154}.Debug|Any CPU.ActiveCfg = Debug|Any CPU
		{F03A85B7-BEEE-4E50-80AC-CC25ADA98154}.Debug|Any CPU.Build.0 = Debug|Any CPU
		{F03A85B7-BEEE-4E50-80AC-CC25ADA98154}.Release|Any CPU.ActiveCfg = Release|Any CPU
		{F03A85B7-BEEE-4E50-80AC-CC25ADA98154}.Release|Any CPU.Build.0 = Release|Any CPU
		{EFACB148-42D6-4F6D-83FD-E11FE6246328}.Debug|Any CPU.ActiveCfg = Debug|Any CPU
		{EFACB148-42D6-4F6D-83FD-E11FE6246328}.Debug|Any CPU.Build.0 = Debug|Any CPU
		{EFACB148-42D6-4F6D-83FD-E11FE6246328}.Release|Any CPU.ActiveCfg = Release|Any CPU
		{EFACB148-42D6-4F6D-83FD-E11FE6246328}.Release|Any CPU.Build.0 = Release|Any CPU
		{AF2B5BC7-12CE-42F3-B349-7C61D59D0C3D}.Debug|Any CPU.ActiveCfg = Debug|Any CPU
		{AF2B5BC7-12CE-42F3-B349-7C61D59D0C3D}.Debug|Any CPU.Build.0 = Debug|Any CPU
		{AF2B5BC7-12CE-42F3-B349-7C61D59D0C3D}.Release|Any CPU.ActiveCfg = Release|Any CPU
		{AF2B5BC7-12CE-42F3-B349-7C61D59D0C3D}.Release|Any CPU.Build.0 = Release|Any CPU
		{D15549A6-7A8A-4895-A499-354555423DD1}.Debug|Any CPU.ActiveCfg = Debug|Any CPU
		{D15549A6-7A8A-4895-A499-354555423DD1}.Debug|Any CPU.Build.0 = Debug|Any CPU
		{D15549A6-7A8A-4895-A499-354555423DD1}.Release|Any CPU.ActiveCfg = Release|Any CPU
		{D15549A6-7A8A-4895-A499-354555423DD1}.Release|Any CPU.Build.0 = Release|Any CPU
		{B5A7D85E-7FEC-4C1C-84C8-8AA9206142B9}.Debug|Any CPU.ActiveCfg = Debug|Any CPU
		{B5A7D85E-7FEC-4C1C-84C8-8AA9206142B9}.Debug|Any CPU.Build.0 = Debug|Any CPU
		{B5A7D85E-7FEC-4C1C-84C8-8AA9206142B9}.Release|Any CPU.ActiveCfg = Release|Any CPU
		{B5A7D85E-7FEC-4C1C-84C8-8AA9206142B9}.Release|Any CPU.Build.0 = Release|Any CPU
		{F2380243-F777-438E-9277-F7CE0B8F6B1A}.Debug|Any CPU.ActiveCfg = Debug|Any CPU
		{F2380243-F777-438E-9277-F7CE0B8F6B1A}.Debug|Any CPU.Build.0 = Debug|Any CPU
		{F2380243-F777-438E-9277-F7CE0B8F6B1A}.Release|Any CPU.ActiveCfg = Release|Any CPU
		{F2380243-F777-438E-9277-F7CE0B8F6B1A}.Release|Any CPU.Build.0 = Release|Any CPU
	EndGlobalSection
	GlobalSection(SolutionProperties) = preSolution
		HideSolutionNode = FALSE
	EndGlobalSection
	GlobalSection(NestedProjects) = preSolution
		{D9E923CA-B949-40C5-A80B-E46DA4337FE2} = {3F36DF75-74F2-443C-B0FC-294E250C0073}
		{0ABC6130-1598-44B0-A568-5FB3D58C7E39} = {3F36DF75-74F2-443C-B0FC-294E250C0073}
		{4CE241F6-580E-4521-B575-BDC61FB3842E} = {3F36DF75-74F2-443C-B0FC-294E250C0073}
		{595A0B05-90BC-4B80-BDE3-7AA89DA2D951} = {3F36DF75-74F2-443C-B0FC-294E250C0073}
	EndGlobalSection
	GlobalSection(ExtensibilityGlobals) = postSolution
		SolutionGuid = {C9D2C46C-BF94-4E30-8DA7-BD65299E85F4}
	EndGlobalSection
EndGlobal
