
Microsoft Visual Studio Solution File, Format Version 12.00
# Visual Studio 15
VisualStudioVersion = 15.0.28010.2036
MinimumVisualStudioVersion = 10.0.40219.1
Project("{FAE04EC0-301F-11D3-BF4B-00C04F79EFBC}") = "HexMaster.ScrumPoker.Api", "HexMaster.ScrumPoker.Api\HexMaster.ScrumPoker.Api.csproj", "{BD5C38CD-7BDE-43CC-AAF6-A24538AD3EC5}"
EndProject
Global
	GlobalSection(SolutionConfigurationPlatforms) = preSolution
		Debug|Any CPU = Debug|Any CPU
		Release|Any CPU = Release|Any CPU
	EndGlobalSection
	GlobalSection(ProjectConfigurationPlatforms) = postSolution
		{BD5C38CD-7BDE-43CC-AAF6-A24538AD3EC5}.Debug|Any CPU.ActiveCfg = Debug|Any CPU
		{BD5C38CD-7BDE-43CC-AAF6-A24538AD3EC5}.Debug|Any CPU.Build.0 = Debug|Any CPU
		{BD5C38CD-7BDE-43CC-AAF6-A24538AD3EC5}.Release|Any CPU.ActiveCfg = Release|Any CPU
		{BD5C38CD-7BDE-43CC-AAF6-A24538AD3EC5}.Release|Any CPU.Build.0 = Release|Any CPU
	EndGlobalSection
	GlobalSection(SolutionProperties) = preSolution
		HideSolutionNode = FALSE
	EndGlobalSection
	GlobalSection(ExtensibilityGlobals) = postSolution
		SolutionGuid = {C9D2C46C-BF94-4E30-8DA7-BD65299E85F4}
	EndGlobalSection
EndGlobal
